// !$*UTF8*$!
{
	archiveVersion = 1;
	classes = {
	};
	objectVersion = 56;
	objects = {

/* Begin PBXBuildFile section */
		F2A0F4159FADC4F5F6B14D8D /* Pods_click_jobs_RGN.framework in Frameworks */ = {isa = PBXBuildFile; fileRef = C8C0553249F79630455DA38C /* Pods_click_jobs_RGN.framework */; };
		FA2AF45E299145F10003F0C9 /* DetailVC.swift in Sources */ = {isa = PBXBuildFile; fileRef = FA2AF45C299145F10003F0C9 /* DetailVC.swift */; };
		FA2AF45F299145F10003F0C9 /* DetailVC.xib in Resources */ = {isa = PBXBuildFile; fileRef = FA2AF45D299145F10003F0C9 /* DetailVC.xib */; };
		FA2AF462299223FE0003F0C9 /* BtnCell.swift in Sources */ = {isa = PBXBuildFile; fileRef = FA2AF460299223FE0003F0C9 /* BtnCell.swift */; };
		FA2AF463299223FE0003F0C9 /* BtnCell.xib in Resources */ = {isa = PBXBuildFile; fileRef = FA2AF461299223FE0003F0C9 /* BtnCell.xib */; };
		FA2AF46D2993A9880003F0C9 /* InfoColCell.swift in Sources */ = {isa = PBXBuildFile; fileRef = FA2AF46B2993A9880003F0C9 /* InfoColCell.swift */; };
		FA2AF46E2993A9880003F0C9 /* InfoColCell.xib in Resources */ = {isa = PBXBuildFile; fileRef = FA2AF46C2993A9880003F0C9 /* InfoColCell.xib */; };
		FA5CCAC2298C8EDC000FC0F0 /* ProfileColCell.xib in Resources */ = {isa = PBXBuildFile; fileRef = FA5CCAC1298C8EDC000FC0F0 /* ProfileColCell.xib */; };
		FA7E0737298C3E1300A92BC9 /* Extensions.swift in Sources */ = {isa = PBXBuildFile; fileRef = FA7E0736298C3E1300A92BC9 /* Extensions.swift */; };
		FA7E073A298C46D300A92BC9 /* SignUpVC.swift in Sources */ = {isa = PBXBuildFile; fileRef = FA7E0738298C46D300A92BC9 /* SignUpVC.swift */; };
		FA7E073B298C46D300A92BC9 /* SignUpVC.xib in Resources */ = {isa = PBXBuildFile; fileRef = FA7E0739298C46D300A92BC9 /* SignUpVC.xib */; };
		FA7E073D298C5BB000A92BC9 /* TabBarVC.swift in Sources */ = {isa = PBXBuildFile; fileRef = FA7E073C298C5BAF00A92BC9 /* TabBarVC.swift */; };
		FA7E0740298C5E0700A92BC9 /* MainVC.swift in Sources */ = {isa = PBXBuildFile; fileRef = FA7E073E298C5E0700A92BC9 /* MainVC.swift */; };
		FA7E0741298C5E0700A92BC9 /* MainVC.xib in Resources */ = {isa = PBXBuildFile; fileRef = FA7E073F298C5E0700A92BC9 /* MainVC.xib */; };
		FA7E0749298C75A500A92BC9 /* ProfileVC.swift in Sources */ = {isa = PBXBuildFile; fileRef = FA7E0747298C75A500A92BC9 /* ProfileVC.swift */; };
		FA7E074A298C75A500A92BC9 /* ProfileVC.xib in Resources */ = {isa = PBXBuildFile; fileRef = FA7E0748298C75A500A92BC9 /* ProfileVC.xib */; };
		FA860144298D0F52008DF93B /* SettingsCell.swift in Sources */ = {isa = PBXBuildFile; fileRef = FA860142298D0F52008DF93B /* SettingsCell.swift */; };
		FA860145298D0F52008DF93B /* SettingsCell.xib in Resources */ = {isa = PBXBuildFile; fileRef = FA860143298D0F52008DF93B /* SettingsCell.xib */; };
		FA860148298D2D98008DF93B /* FilterVC.swift in Sources */ = {isa = PBXBuildFile; fileRef = FA860146298D2D98008DF93B /* FilterVC.swift */; };
		FA860149298D2D98008DF93B /* FilterVC.xib in Resources */ = {isa = PBXBuildFile; fileRef = FA860147298D2D98008DF93B /* FilterVC.xib */; };
		FA86014C298D2DAB008DF93B /* AddVacancyVC.swift in Sources */ = {isa = PBXBuildFile; fileRef = FA86014A298D2DAB008DF93B /* AddVacancyVC.swift */; };
		FA86014D298D2DAB008DF93B /* AddVacancyVC.xib in Resources */ = {isa = PBXBuildFile; fileRef = FA86014B298D2DAB008DF93B /* AddVacancyVC.xib */; };
		FA868A96299FC1D4002F3B61 /* Vacancy.swift in Sources */ = {isa = PBXBuildFile; fileRef = FA868A95299FC1D4002F3B61 /* Vacancy.swift */; };
		FA868A99299FC296002F3B61 /* EmployeeCell.xib in Resources */ = {isa = PBXBuildFile; fileRef = FA868A97299FC295002F3B61 /* EmployeeCell.xib */; };
		FA868A9A299FC296002F3B61 /* EmployeeCell.swift in Sources */ = {isa = PBXBuildFile; fileRef = FA868A98299FC296002F3B61 /* EmployeeCell.swift */; };
		FA868A9C299FC2CF002F3B61 /* GoogleService-Info.plist in Resources */ = {isa = PBXBuildFile; fileRef = FA868A9B299FC2CF002F3B61 /* GoogleService-Info.plist */; };
		FA8AACAA299A742200FF507E /* VacancyCell.swift in Sources */ = {isa = PBXBuildFile; fileRef = FA8AACA8299A742200FF507E /* VacancyCell.swift */; };
		FA8AACAB299A742200FF507E /* VacancyCell.xib in Resources */ = {isa = PBXBuildFile; fileRef = FA8AACA9299A742200FF507E /* VacancyCell.xib */; };
		FA8AACAE299A82CC00FF507E /* URLS.swift in Sources */ = {isa = PBXBuildFile; fileRef = FA8AACAD299A82CC00FF507E /* URLS.swift */; };
		FA8AACB2299A841700FF507E /* SharedManager.swift in Sources */ = {isa = PBXBuildFile; fileRef = FA8AACB1299A841700FF507E /* SharedManager.swift */; };
		FA8AACB4299A843900FF507E /* APIClient.swift in Sources */ = {isa = PBXBuildFile; fileRef = FA8AACB3299A843900FF507E /* APIClient.swift */; };
		FA8AACB6299A85C400FF507E /* User.swift in Sources */ = {isa = PBXBuildFile; fileRef = FA8AACB5299A85C400FF507E /* User.swift */; };
		FA8AACBA299A8D3100FF507E /* Cache.swift in Sources */ = {isa = PBXBuildFile; fileRef = FA8AACB9299A8D3100FF507E /* Cache.swift */; };
		FA91F274299470060071C182 /* FilterDropDownCell.swift in Sources */ = {isa = PBXBuildFile; fileRef = FA91F272299470050071C182 /* FilterDropDownCell.swift */; };
		FA91F275299470060071C182 /* FilterDropDownCell.xib in Resources */ = {isa = PBXBuildFile; fileRef = FA91F273299470050071C182 /* FilterDropDownCell.xib */; };
		FAA2D141298AF59A007E3DAD /* AppDelegate.swift in Sources */ = {isa = PBXBuildFile; fileRef = FAA2D140298AF59A007E3DAD /* AppDelegate.swift */; };
		FAA2D14B298AF59A007E3DAD /* click_jobs_RGN.xcdatamodeld in Sources */ = {isa = PBXBuildFile; fileRef = FAA2D149298AF59A007E3DAD /* click_jobs_RGN.xcdatamodeld */; };
		FAA2D14D298AF59C007E3DAD /* Assets.xcassets in Resources */ = {isa = PBXBuildFile; fileRef = FAA2D14C298AF59C007E3DAD /* Assets.xcassets */; };
		FAA2D150298AF59C007E3DAD /* LaunchScreen.storyboard in Resources */ = {isa = PBXBuildFile; fileRef = FAA2D14E298AF59C007E3DAD /* LaunchScreen.storyboard */; };
		FAD86985298C8E89003DC39C /* ProfileColCell.swift in Sources */ = {isa = PBXBuildFile; fileRef = FAD86983298C8E89003DC39C /* ProfileColCell.swift */; };
		FAE99669298B052600CCBAA5 /* WelcomeVC.swift in Sources */ = {isa = PBXBuildFile; fileRef = FAE99667298B052600CCBAA5 /* WelcomeVC.swift */; };
		FAE9966A298B052600CCBAA5 /* WelcomeVC.xib in Resources */ = {isa = PBXBuildFile; fileRef = FAE99668298B052600CCBAA5 /* WelcomeVC.xib */; };
		FAE9966D298B0B5500CCBAA5 /* CustomTextField.swift in Sources */ = {isa = PBXBuildFile; fileRef = FAE9966C298B0B5500CCBAA5 /* CustomTextField.swift */; };
		FAE99670298B123D00CCBAA5 /* SignInVC.swift in Sources */ = {isa = PBXBuildFile; fileRef = FAE9966E298B123D00CCBAA5 /* SignInVC.swift */; };
		FAE99671298B123D00CCBAA5 /* SignInVC.xib in Resources */ = {isa = PBXBuildFile; fileRef = FAE9966F298B123D00CCBAA5 /* SignInVC.xib */; };
		FAFFEAE0299509F1000B9AD5 /* FilterTypeModel.swift in Sources */ = {isa = PBXBuildFile; fileRef = FAFFEADF299509F1000B9AD5 /* FilterTypeModel.swift */; };
/* End PBXBuildFile section */

/* Begin PBXFileReference section */
		1D76BBB81CE14AF68380C529 /* Pods-click_jobs_RGN.release.xcconfig */ = {isa = PBXFileReference; includeInIndex = 1; lastKnownFileType = text.xcconfig; name = "Pods-click_jobs_RGN.release.xcconfig"; path = "Target Support Files/Pods-click_jobs_RGN/Pods-click_jobs_RGN.release.xcconfig"; sourceTree = "<group>"; };
		66B6B99DCCD9E73991721AB0 /* Pods-click_jobs_RGN.debug.xcconfig */ = {isa = PBXFileReference; includeInIndex = 1; lastKnownFileType = text.xcconfig; name = "Pods-click_jobs_RGN.debug.xcconfig"; path = "Target Support Files/Pods-click_jobs_RGN/Pods-click_jobs_RGN.debug.xcconfig"; sourceTree = "<group>"; };
		C8C0553249F79630455DA38C /* Pods_click_jobs_RGN.framework */ = {isa = PBXFileReference; explicitFileType = wrapper.framework; includeInIndex = 0; path = Pods_click_jobs_RGN.framework; sourceTree = BUILT_PRODUCTS_DIR; };
		FA2AF45C299145F10003F0C9 /* DetailVC.swift */ = {isa = PBXFileReference; lastKnownFileType = sourcecode.swift; path = DetailVC.swift; sourceTree = "<group>"; };
		FA2AF45D299145F10003F0C9 /* DetailVC.xib */ = {isa = PBXFileReference; lastKnownFileType = file.xib; path = DetailVC.xib; sourceTree = "<group>"; };
		FA2AF460299223FE0003F0C9 /* BtnCell.swift */ = {isa = PBXFileReference; lastKnownFileType = sourcecode.swift; path = BtnCell.swift; sourceTree = "<group>"; };
		FA2AF461299223FE0003F0C9 /* BtnCell.xib */ = {isa = PBXFileReference; lastKnownFileType = file.xib; path = BtnCell.xib; sourceTree = "<group>"; };
		FA2AF46B2993A9880003F0C9 /* InfoColCell.swift */ = {isa = PBXFileReference; lastKnownFileType = sourcecode.swift; path = InfoColCell.swift; sourceTree = "<group>"; };
		FA2AF46C2993A9880003F0C9 /* InfoColCell.xib */ = {isa = PBXFileReference; lastKnownFileType = file.xib; path = InfoColCell.xib; sourceTree = "<group>"; };
		FA5CCAC1298C8EDC000FC0F0 /* ProfileColCell.xib */ = {isa = PBXFileReference; fileEncoding = 4; lastKnownFileType = file.xib; path = ProfileColCell.xib; sourceTree = "<group>"; };
		FA7E0736298C3E1300A92BC9 /* Extensions.swift */ = {isa = PBXFileReference; lastKnownFileType = sourcecode.swift; path = Extensions.swift; sourceTree = "<group>"; };
		FA7E0738298C46D300A92BC9 /* SignUpVC.swift */ = {isa = PBXFileReference; lastKnownFileType = sourcecode.swift; path = SignUpVC.swift; sourceTree = "<group>"; };
		FA7E0739298C46D300A92BC9 /* SignUpVC.xib */ = {isa = PBXFileReference; lastKnownFileType = file.xib; path = SignUpVC.xib; sourceTree = "<group>"; };
		FA7E073C298C5BAF00A92BC9 /* TabBarVC.swift */ = {isa = PBXFileReference; lastKnownFileType = sourcecode.swift; path = TabBarVC.swift; sourceTree = "<group>"; };
		FA7E073E298C5E0700A92BC9 /* MainVC.swift */ = {isa = PBXFileReference; lastKnownFileType = sourcecode.swift; path = MainVC.swift; sourceTree = "<group>"; };
		FA7E073F298C5E0700A92BC9 /* MainVC.xib */ = {isa = PBXFileReference; lastKnownFileType = file.xib; path = MainVC.xib; sourceTree = "<group>"; };
		FA7E0747298C75A500A92BC9 /* ProfileVC.swift */ = {isa = PBXFileReference; lastKnownFileType = sourcecode.swift; path = ProfileVC.swift; sourceTree = "<group>"; };
		FA7E0748298C75A500A92BC9 /* ProfileVC.xib */ = {isa = PBXFileReference; lastKnownFileType = file.xib; path = ProfileVC.xib; sourceTree = "<group>"; };
		FA860142298D0F52008DF93B /* SettingsCell.swift */ = {isa = PBXFileReference; lastKnownFileType = sourcecode.swift; path = SettingsCell.swift; sourceTree = "<group>"; };
		FA860143298D0F52008DF93B /* SettingsCell.xib */ = {isa = PBXFileReference; lastKnownFileType = file.xib; path = SettingsCell.xib; sourceTree = "<group>"; };
		FA860146298D2D98008DF93B /* FilterVC.swift */ = {isa = PBXFileReference; lastKnownFileType = sourcecode.swift; path = FilterVC.swift; sourceTree = "<group>"; };
		FA860147298D2D98008DF93B /* FilterVC.xib */ = {isa = PBXFileReference; lastKnownFileType = file.xib; path = FilterVC.xib; sourceTree = "<group>"; };
		FA86014A298D2DAB008DF93B /* AddVacancyVC.swift */ = {isa = PBXFileReference; lastKnownFileType = sourcecode.swift; path = AddVacancyVC.swift; sourceTree = "<group>"; };
		FA86014B298D2DAB008DF93B /* AddVacancyVC.xib */ = {isa = PBXFileReference; lastKnownFileType = file.xib; path = AddVacancyVC.xib; sourceTree = "<group>"; };
		FA868A95299FC1D4002F3B61 /* Vacancy.swift */ = {isa = PBXFileReference; fileEncoding = 4; lastKnownFileType = sourcecode.swift; path = Vacancy.swift; sourceTree = "<group>"; };
		FA868A97299FC295002F3B61 /* EmployeeCell.xib */ = {isa = PBXFileReference; fileEncoding = 4; lastKnownFileType = file.xib; path = EmployeeCell.xib; sourceTree = "<group>"; };
		FA868A98299FC296002F3B61 /* EmployeeCell.swift */ = {isa = PBXFileReference; fileEncoding = 4; lastKnownFileType = sourcecode.swift; path = EmployeeCell.swift; sourceTree = "<group>"; };
		FA868A9B299FC2CF002F3B61 /* GoogleService-Info.plist */ = {isa = PBXFileReference; fileEncoding = 4; lastKnownFileType = text.plist.xml; path = "GoogleService-Info.plist"; sourceTree = "<group>"; };
		FA8AACA8299A742200FF507E /* VacancyCell.swift */ = {isa = PBXFileReference; lastKnownFileType = sourcecode.swift; path = VacancyCell.swift; sourceTree = "<group>"; };
		FA8AACA9299A742200FF507E /* VacancyCell.xib */ = {isa = PBXFileReference; lastKnownFileType = file.xib; path = VacancyCell.xib; sourceTree = "<group>"; };
		FA8AACAD299A82CC00FF507E /* URLS.swift */ = {isa = PBXFileReference; lastKnownFileType = sourcecode.swift; path = URLS.swift; sourceTree = "<group>"; };
		FA8AACB1299A841700FF507E /* SharedManager.swift */ = {isa = PBXFileReference; lastKnownFileType = sourcecode.swift; path = SharedManager.swift; sourceTree = "<group>"; };
		FA8AACB3299A843900FF507E /* APIClient.swift */ = {isa = PBXFileReference; lastKnownFileType = sourcecode.swift; path = APIClient.swift; sourceTree = "<group>"; };
		FA8AACB5299A85C400FF507E /* User.swift */ = {isa = PBXFileReference; lastKnownFileType = sourcecode.swift; path = User.swift; sourceTree = "<group>"; };
		FA8AACB9299A8D3100FF507E /* Cache.swift */ = {isa = PBXFileReference; lastKnownFileType = sourcecode.swift; path = Cache.swift; sourceTree = "<group>"; };
		FA91F272299470050071C182 /* FilterDropDownCell.swift */ = {isa = PBXFileReference; lastKnownFileType = sourcecode.swift; path = FilterDropDownCell.swift; sourceTree = "<group>"; };
		FA91F273299470050071C182 /* FilterDropDownCell.xib */ = {isa = PBXFileReference; lastKnownFileType = file.xib; path = FilterDropDownCell.xib; sourceTree = "<group>"; };
		FAA2D13D298AF59A007E3DAD /* click_jobs_RGN.app */ = {isa = PBXFileReference; explicitFileType = wrapper.application; includeInIndex = 0; path = click_jobs_RGN.app; sourceTree = BUILT_PRODUCTS_DIR; };
		FAA2D140298AF59A007E3DAD /* AppDelegate.swift */ = {isa = PBXFileReference; lastKnownFileType = sourcecode.swift; path = AppDelegate.swift; sourceTree = "<group>"; };
		FAA2D14A298AF59A007E3DAD /* click_jobs_RGN.xcdatamodel */ = {isa = PBXFileReference; lastKnownFileType = wrapper.xcdatamodel; path = click_jobs_RGN.xcdatamodel; sourceTree = "<group>"; };
		FAA2D14C298AF59C007E3DAD /* Assets.xcassets */ = {isa = PBXFileReference; lastKnownFileType = folder.assetcatalog; path = Assets.xcassets; sourceTree = "<group>"; };
		FAA2D14F298AF59C007E3DAD /* Base */ = {isa = PBXFileReference; lastKnownFileType = file.storyboard; name = Base; path = Base.lproj/LaunchScreen.storyboard; sourceTree = "<group>"; };
		FAA2D151298AF59C007E3DAD /* Info.plist */ = {isa = PBXFileReference; lastKnownFileType = text.plist.xml; path = Info.plist; sourceTree = "<group>"; };
		FAD86983298C8E89003DC39C /* ProfileColCell.swift */ = {isa = PBXFileReference; lastKnownFileType = sourcecode.swift; path = ProfileColCell.swift; sourceTree = "<group>"; };
		FAE99667298B052600CCBAA5 /* WelcomeVC.swift */ = {isa = PBXFileReference; lastKnownFileType = sourcecode.swift; path = WelcomeVC.swift; sourceTree = "<group>"; };
		FAE99668298B052600CCBAA5 /* WelcomeVC.xib */ = {isa = PBXFileReference; lastKnownFileType = file.xib; path = WelcomeVC.xib; sourceTree = "<group>"; };
		FAE9966C298B0B5500CCBAA5 /* CustomTextField.swift */ = {isa = PBXFileReference; lastKnownFileType = sourcecode.swift; path = CustomTextField.swift; sourceTree = "<group>"; };
		FAE9966E298B123D00CCBAA5 /* SignInVC.swift */ = {isa = PBXFileReference; lastKnownFileType = sourcecode.swift; path = SignInVC.swift; sourceTree = "<group>"; };
		FAE9966F298B123D00CCBAA5 /* SignInVC.xib */ = {isa = PBXFileReference; lastKnownFileType = file.xib; path = SignInVC.xib; sourceTree = "<group>"; };
		FAFFEADF299509F1000B9AD5 /* FilterTypeModel.swift */ = {isa = PBXFileReference; lastKnownFileType = sourcecode.swift; path = FilterTypeModel.swift; sourceTree = "<group>"; };
/* End PBXFileReference section */

/* Begin PBXFrameworksBuildPhase section */
		FAA2D13A298AF59A007E3DAD /* Frameworks */ = {
			isa = PBXFrameworksBuildPhase;
			buildActionMask = 2147483647;
			files = (
				F2A0F4159FADC4F5F6B14D8D /* Pods_click_jobs_RGN.framework in Frameworks */,
			);
			runOnlyForDeploymentPostprocessing = 0;
		};
/* End PBXFrameworksBuildPhase section */

/* Begin PBXGroup section */
		0D527DEFEF53985C31B8CFCA /* Pods */ = {
			isa = PBXGroup;
			children = (
				66B6B99DCCD9E73991721AB0 /* Pods-click_jobs_RGN.debug.xcconfig */,
				1D76BBB81CE14AF68380C529 /* Pods-click_jobs_RGN.release.xcconfig */,
			);
			path = Pods;
			sourceTree = "<group>";
		};
		E114952DCF8B0BF81ED32F09 /* Frameworks */ = {
			isa = PBXGroup;
			children = (
				C8C0553249F79630455DA38C /* Pods_click_jobs_RGN.framework */,
			);
			name = Frameworks;
			sourceTree = "<group>";
		};
		FA7E0742298C63F900A92BC9 /* Cells */ = {
			isa = PBXGroup;
			children = (
				FA868A98299FC296002F3B61 /* EmployeeCell.swift */,
				FA868A97299FC295002F3B61 /* EmployeeCell.xib */,
				FA8AACA8299A742200FF507E /* VacancyCell.swift */,
				FA8AACA9299A742200FF507E /* VacancyCell.xib */,
				FAD86983298C8E89003DC39C /* ProfileColCell.swift */,
				FA5CCAC1298C8EDC000FC0F0 /* ProfileColCell.xib */,
				FA860142298D0F52008DF93B /* SettingsCell.swift */,
				FA860143298D0F52008DF93B /* SettingsCell.xib */,
				FA2AF460299223FE0003F0C9 /* BtnCell.swift */,
				FA2AF461299223FE0003F0C9 /* BtnCell.xib */,
				FA2AF46B2993A9880003F0C9 /* InfoColCell.swift */,
				FA2AF46C2993A9880003F0C9 /* InfoColCell.xib */,
				FA91F272299470050071C182 /* FilterDropDownCell.swift */,
				FA91F273299470050071C182 /* FilterDropDownCell.xib */,
			);
			path = Cells;
			sourceTree = "<group>";
		};
		FA8AACAC299A82A300FF507E /* Network */ = {
			isa = PBXGroup;
			children = (
				FA8AACAD299A82CC00FF507E /* URLS.swift */,
				FA8AACB1299A841700FF507E /* SharedManager.swift */,
				FA8AACB3299A843900FF507E /* APIClient.swift */,
				FA8AACB9299A8D3100FF507E /* Cache.swift */,
			);
			path = Network;
			sourceTree = "<group>";
		};
		FAA2D134298AF59A007E3DAD = {
			isa = PBXGroup;
			children = (
				FAA2D13F298AF59A007E3DAD /* click_jobs_RGN */,
				FAA2D13E298AF59A007E3DAD /* Products */,
				0D527DEFEF53985C31B8CFCA /* Pods */,
				E114952DCF8B0BF81ED32F09 /* Frameworks */,
			);
			sourceTree = "<group>";
		};
		FAA2D13E298AF59A007E3DAD /* Products */ = {
			isa = PBXGroup;
			children = (
				FAA2D13D298AF59A007E3DAD /* click_jobs_RGN.app */,
			);
			name = Products;
			sourceTree = "<group>";
		};
		FAA2D13F298AF59A007E3DAD /* click_jobs_RGN */ = {
			isa = PBXGroup;
			children = (
				FA8AACAC299A82A300FF507E /* Network */,
				FAE99666298B050200CCBAA5 /* Model */,
				FAE99665298B04FC00CCBAA5 /* View */,
				FAE99664298B04ED00CCBAA5 /* Controller */,
				FA7E0742298C63F900A92BC9 /* Cells */,
				FAE9966B298B0B2900CCBAA5 /* Components */,
				FA7E0736298C3E1300A92BC9 /* Extensions.swift */,
				FAA2D140298AF59A007E3DAD /* AppDelegate.swift */,
				FAA2D14C298AF59C007E3DAD /* Assets.xcassets */,
				FAA2D14E298AF59C007E3DAD /* LaunchScreen.storyboard */,
				FAA2D151298AF59C007E3DAD /* Info.plist */,
				FA868A9B299FC2CF002F3B61 /* GoogleService-Info.plist */,
				FAA2D149298AF59A007E3DAD /* click_jobs_RGN.xcdatamodeld */,
			);
			path = click_jobs_RGN;
			sourceTree = "<group>";
		};
		FAE99664298B04ED00CCBAA5 /* Controller */ = {
			isa = PBXGroup;
			children = (
				FAE99667298B052600CCBAA5 /* WelcomeVC.swift */,
				FAE9966E298B123D00CCBAA5 /* SignInVC.swift */,
				FA7E0738298C46D300A92BC9 /* SignUpVC.swift */,
				FA7E073C298C5BAF00A92BC9 /* TabBarVC.swift */,
				FA7E073E298C5E0700A92BC9 /* MainVC.swift */,
				FA86014A298D2DAB008DF93B /* AddVacancyVC.swift */,
				FA7E0747298C75A500A92BC9 /* ProfileVC.swift */,
				FA860146298D2D98008DF93B /* FilterVC.swift */,
				FA2AF45C299145F10003F0C9 /* DetailVC.swift */,
			);
			path = Controller;
			sourceTree = "<group>";
		};
		FAE99665298B04FC00CCBAA5 /* View */ = {
			isa = PBXGroup;
			children = (
				FAE99668298B052600CCBAA5 /* WelcomeVC.xib */,
				FAE9966F298B123D00CCBAA5 /* SignInVC.xib */,
				FA7E0739298C46D300A92BC9 /* SignUpVC.xib */,
				FA7E073F298C5E0700A92BC9 /* MainVC.xib */,
				FA86014B298D2DAB008DF93B /* AddVacancyVC.xib */,
				FA7E0748298C75A500A92BC9 /* ProfileVC.xib */,
				FA860147298D2D98008DF93B /* FilterVC.xib */,
				FA2AF45D299145F10003F0C9 /* DetailVC.xib */,
			);
			path = View;
			sourceTree = "<group>";
		};
		FAE99666298B050200CCBAA5 /* Model */ = {
			isa = PBXGroup;
			children = (
				FAFFEADF299509F1000B9AD5 /* FilterTypeModel.swift */,
				FA8AACB5299A85C400FF507E /* User.swift */,
				FA868A95299FC1D4002F3B61 /* Vacancy.swift */,
			);
			path = Model;
			sourceTree = "<group>";
		};
		FAE9966B298B0B2900CCBAA5 /* Components */ = {
			isa = PBXGroup;
			children = (
				FAE9966C298B0B5500CCBAA5 /* CustomTextField.swift */,
			);
			path = Components;
			sourceTree = "<group>";
		};
/* End PBXGroup section */

/* Begin PBXNativeTarget section */
		FAA2D13C298AF59A007E3DAD /* click_jobs_RGN */ = {
			isa = PBXNativeTarget;
			buildConfigurationList = FAA2D154298AF59C007E3DAD /* Build configuration list for PBXNativeTarget "click_jobs_RGN" */;
			buildPhases = (
				DAB38B7069B427F2085FCC65 /* [CP] Check Pods Manifest.lock */,
				FAA2D139298AF59A007E3DAD /* Sources */,
				FAA2D13A298AF59A007E3DAD /* Frameworks */,
				FAA2D13B298AF59A007E3DAD /* Resources */,
				CA97B34694CE77473FE1E691 /* [CP] Embed Pods Frameworks */,
			);
			buildRules = (
			);
			dependencies = (
			);
			name = click_jobs_RGN;
			productName = click_jobs_RGN;
			productReference = FAA2D13D298AF59A007E3DAD /* click_jobs_RGN.app */;
			productType = "com.apple.product-type.application";
		};
/* End PBXNativeTarget section */

/* Begin PBXProject section */
		FAA2D135298AF59A007E3DAD /* Project object */ = {
			isa = PBXProject;
			attributes = {
				BuildIndependentTargetsInParallel = 1;
				LastSwiftUpdateCheck = 1420;
				LastUpgradeCheck = 1420;
				TargetAttributes = {
					FAA2D13C298AF59A007E3DAD = {
						CreatedOnToolsVersion = 14.2;
					};
				};
			};
			buildConfigurationList = FAA2D138298AF59A007E3DAD /* Build configuration list for PBXProject "click_jobs_RGN" */;
			compatibilityVersion = "Xcode 14.0";
			developmentRegion = en;
			hasScannedForEncodings = 0;
			knownRegions = (
				en,
				Base,
			);
			mainGroup = FAA2D134298AF59A007E3DAD;
			productRefGroup = FAA2D13E298AF59A007E3DAD /* Products */;
			projectDirPath = "";
			projectRoot = "";
			targets = (
				FAA2D13C298AF59A007E3DAD /* click_jobs_RGN */,
			);
		};
/* End PBXProject section */

/* Begin PBXResourcesBuildPhase section */
		FAA2D13B298AF59A007E3DAD /* Resources */ = {
			isa = PBXResourcesBuildPhase;
			buildActionMask = 2147483647;
			files = (
				FA860149298D2D98008DF93B /* FilterVC.xib in Resources */,
				FA7E074A298C75A500A92BC9 /* ProfileVC.xib in Resources */,
				FAA2D150298AF59C007E3DAD /* LaunchScreen.storyboard in Resources */,
				FA868A99299FC296002F3B61 /* EmployeeCell.xib in Resources */,
				FAE9966A298B052600CCBAA5 /* WelcomeVC.xib in Resources */,
				FA86014D298D2DAB008DF93B /* AddVacancyVC.xib in Resources */,
				FA7E073B298C46D300A92BC9 /* SignUpVC.xib in Resources */,
				FA860145298D0F52008DF93B /* SettingsCell.xib in Resources */,
				FA5CCAC2298C8EDC000FC0F0 /* ProfileColCell.xib in Resources */,
				FA2AF463299223FE0003F0C9 /* BtnCell.xib in Resources */,
				FA7E0741298C5E0700A92BC9 /* MainVC.xib in Resources */,
				FA868A9C299FC2CF002F3B61 /* GoogleService-Info.plist in Resources */,
				FA91F275299470060071C182 /* FilterDropDownCell.xib in Resources */,
				FA8AACAB299A742200FF507E /* VacancyCell.xib in Resources */,
				FAE99671298B123D00CCBAA5 /* SignInVC.xib in Resources */,
				FA2AF45F299145F10003F0C9 /* DetailVC.xib in Resources */,
				FAA2D14D298AF59C007E3DAD /* Assets.xcassets in Resources */,
				FA2AF46E2993A9880003F0C9 /* InfoColCell.xib in Resources */,
			);
			runOnlyForDeploymentPostprocessing = 0;
		};
/* End PBXResourcesBuildPhase section */

/* Begin PBXShellScriptBuildPhase section */
		CA97B34694CE77473FE1E691 /* [CP] Embed Pods Frameworks */ = {
			isa = PBXShellScriptBuildPhase;
			buildActionMask = 2147483647;
			files = (
			);
			inputFileListPaths = (
				"${PODS_ROOT}/Target Support Files/Pods-click_jobs_RGN/Pods-click_jobs_RGN-frameworks-${CONFIGURATION}-input-files.xcfilelist",
			);
			name = "[CP] Embed Pods Frameworks";
			outputFileListPaths = (
				"${PODS_ROOT}/Target Support Files/Pods-click_jobs_RGN/Pods-click_jobs_RGN-frameworks-${CONFIGURATION}-output-files.xcfilelist",
			);
			runOnlyForDeploymentPostprocessing = 0;
			shellPath = /bin/sh;
			shellScript = "\"${PODS_ROOT}/Target Support Files/Pods-click_jobs_RGN/Pods-click_jobs_RGN-frameworks.sh\"\n";
			showEnvVarsInLog = 0;
		};
		DAB38B7069B427F2085FCC65 /* [CP] Check Pods Manifest.lock */ = {
			isa = PBXShellScriptBuildPhase;
			buildActionMask = 2147483647;
			files = (
			);
			inputFileListPaths = (
			);
			inputPaths = (
				"${PODS_PODFILE_DIR_PATH}/Podfile.lock",
				"${PODS_ROOT}/Manifest.lock",
			);
			name = "[CP] Check Pods Manifest.lock";
			outputFileListPaths = (
			);
			outputPaths = (
				"$(DERIVED_FILE_DIR)/Pods-click_jobs_RGN-checkManifestLockResult.txt",
			);
			runOnlyForDeploymentPostprocessing = 0;
			shellPath = /bin/sh;
			shellScript = "diff \"${PODS_PODFILE_DIR_PATH}/Podfile.lock\" \"${PODS_ROOT}/Manifest.lock\" > /dev/null\nif [ $? != 0 ] ; then\n    # print error to STDERR\n    echo \"error: The sandbox is not in sync with the Podfile.lock. Run 'pod install' or update your CocoaPods installation.\" >&2\n    exit 1\nfi\n# This output is used by Xcode 'outputs' to avoid re-running this script phase.\necho \"SUCCESS\" > \"${SCRIPT_OUTPUT_FILE_0}\"\n";
			showEnvVarsInLog = 0;
		};
/* End PBXShellScriptBuildPhase section */

/* Begin PBXSourcesBuildPhase section */
		FAA2D139298AF59A007E3DAD /* Sources */ = {
			isa = PBXSourcesBuildPhase;
			buildActionMask = 2147483647;
			files = (
				FA2AF46D2993A9880003F0C9 /* InfoColCell.swift in Sources */,
				FA7E073A298C46D300A92BC9 /* SignUpVC.swift in Sources */,
				FA2AF462299223FE0003F0C9 /* BtnCell.swift in Sources */,
				FA868A9A299FC296002F3B61 /* EmployeeCell.swift in Sources */,
				FA8AACB6299A85C400FF507E /* User.swift in Sources */,
				FAE9966D298B0B5500CCBAA5 /* CustomTextField.swift in Sources */,
				FA8AACAA299A742200FF507E /* VacancyCell.swift in Sources */,
				FA8AACBA299A8D3100FF507E /* Cache.swift in Sources */,
				FAD86985298C8E89003DC39C /* ProfileColCell.swift in Sources */,
				FAFFEAE0299509F1000B9AD5 /* FilterTypeModel.swift in Sources */,
				FA7E0737298C3E1300A92BC9 /* Extensions.swift in Sources */,
				FA860144298D0F52008DF93B /* SettingsCell.swift in Sources */,
				FA2AF45E299145F10003F0C9 /* DetailVC.swift in Sources */,
				FA86014C298D2DAB008DF93B /* AddVacancyVC.swift in Sources */,
				FA8AACB4299A843900FF507E /* APIClient.swift in Sources */,
				FAE99669298B052600CCBAA5 /* WelcomeVC.swift in Sources */,
				FA7E0740298C5E0700A92BC9 /* MainVC.swift in Sources */,
				FA860148298D2D98008DF93B /* FilterVC.swift in Sources */,
				FA8AACAE299A82CC00FF507E /* URLS.swift in Sources */,
				FAA2D14B298AF59A007E3DAD /* click_jobs_RGN.xcdatamodeld in Sources */,
				FA8AACB2299A841700FF507E /* SharedManager.swift in Sources */,
				FA868A96299FC1D4002F3B61 /* Vacancy.swift in Sources */,
				FAA2D141298AF59A007E3DAD /* AppDelegate.swift in Sources */,
				FA7E073D298C5BB000A92BC9 /* TabBarVC.swift in Sources */,
				FA7E0749298C75A500A92BC9 /* ProfileVC.swift in Sources */,
				FA91F274299470060071C182 /* FilterDropDownCell.swift in Sources */,
				FAE99670298B123D00CCBAA5 /* SignInVC.swift in Sources */,
			);
			runOnlyForDeploymentPostprocessing = 0;
		};
/* End PBXSourcesBuildPhase section */

/* Begin PBXVariantGroup section */
		FAA2D14E298AF59C007E3DAD /* LaunchScreen.storyboard */ = {
			isa = PBXVariantGroup;
			children = (
				FAA2D14F298AF59C007E3DAD /* Base */,
			);
			name = LaunchScreen.storyboard;
			sourceTree = "<group>";
		};
/* End PBXVariantGroup section */

/* Begin XCBuildConfiguration section */
		FAA2D152298AF59C007E3DAD /* Debug */ = {
			isa = XCBuildConfiguration;
			buildSettings = {
				ALWAYS_SEARCH_USER_PATHS = NO;
				CLANG_ANALYZER_NONNULL = YES;
				CLANG_ANALYZER_NUMBER_OBJECT_CONVERSION = YES_AGGRESSIVE;
				CLANG_CXX_LANGUAGE_STANDARD = "gnu++20";
				CLANG_ENABLE_MODULES = YES;
				CLANG_ENABLE_OBJC_ARC = YES;
				CLANG_ENABLE_OBJC_WEAK = YES;
				CLANG_WARN_BLOCK_CAPTURE_AUTORELEASING = YES;
				CLANG_WARN_BOOL_CONVERSION = YES;
				CLANG_WARN_COMMA = YES;
				CLANG_WARN_CONSTANT_CONVERSION = YES;
				CLANG_WARN_DEPRECATED_OBJC_IMPLEMENTATIONS = YES;
				CLANG_WARN_DIRECT_OBJC_ISA_USAGE = YES_ERROR;
				CLANG_WARN_DOCUMENTATION_COMMENTS = YES;
				CLANG_WARN_EMPTY_BODY = YES;
				CLANG_WARN_ENUM_CONVERSION = YES;
				CLANG_WARN_INFINITE_RECURSION = YES;
				CLANG_WARN_INT_CONVERSION = YES;
				CLANG_WARN_NON_LITERAL_NULL_CONVERSION = YES;
				CLANG_WARN_OBJC_IMPLICIT_RETAIN_SELF = YES;
				CLANG_WARN_OBJC_LITERAL_CONVERSION = YES;
				CLANG_WARN_OBJC_ROOT_CLASS = YES_ERROR;
				CLANG_WARN_QUOTED_INCLUDE_IN_FRAMEWORK_HEADER = YES;
				CLANG_WARN_RANGE_LOOP_ANALYSIS = YES;
				CLANG_WARN_STRICT_PROTOTYPES = YES;
				CLANG_WARN_SUSPICIOUS_MOVE = YES;
				CLANG_WARN_UNGUARDED_AVAILABILITY = YES_AGGRESSIVE;
				CLANG_WARN_UNREACHABLE_CODE = YES;
				CLANG_WARN__DUPLICATE_METHOD_MATCH = YES;
				COPY_PHASE_STRIP = NO;
				DEBUG_INFORMATION_FORMAT = dwarf;
				ENABLE_STRICT_OBJC_MSGSEND = YES;
				ENABLE_TESTABILITY = YES;
				GCC_C_LANGUAGE_STANDARD = gnu11;
				GCC_DYNAMIC_NO_PIC = NO;
				GCC_NO_COMMON_BLOCKS = YES;
				GCC_OPTIMIZATION_LEVEL = 0;
				GCC_PREPROCESSOR_DEFINITIONS = (
					"DEBUG=1",
					"$(inherited)",
				);
				GCC_WARN_64_TO_32_BIT_CONVERSION = YES;
				GCC_WARN_ABOUT_RETURN_TYPE = YES_ERROR;
				GCC_WARN_UNDECLARED_SELECTOR = YES;
				GCC_WARN_UNINITIALIZED_AUTOS = YES_AGGRESSIVE;
				GCC_WARN_UNUSED_FUNCTION = YES;
				GCC_WARN_UNUSED_VARIABLE = YES;
				IPHONEOS_DEPLOYMENT_TARGET = 16.2;
				MTL_ENABLE_DEBUG_INFO = INCLUDE_SOURCE;
				MTL_FAST_MATH = YES;
				ONLY_ACTIVE_ARCH = YES;
				SDKROOT = iphoneos;
				SWIFT_ACTIVE_COMPILATION_CONDITIONS = DEBUG;
				SWIFT_OPTIMIZATION_LEVEL = "-Onone";
			};
			name = Debug;
		};
		FAA2D153298AF59C007E3DAD /* Release */ = {
			isa = XCBuildConfiguration;
			buildSettings = {
				ALWAYS_SEARCH_USER_PATHS = NO;
				CLANG_ANALYZER_NONNULL = YES;
				CLANG_ANALYZER_NUMBER_OBJECT_CONVERSION = YES_AGGRESSIVE;
				CLANG_CXX_LANGUAGE_STANDARD = "gnu++20";
				CLANG_ENABLE_MODULES = YES;
				CLANG_ENABLE_OBJC_ARC = YES;
				CLANG_ENABLE_OBJC_WEAK = YES;
				CLANG_WARN_BLOCK_CAPTURE_AUTORELEASING = YES;
				CLANG_WARN_BOOL_CONVERSION = YES;
				CLANG_WARN_COMMA = YES;
				CLANG_WARN_CONSTANT_CONVERSION = YES;
				CLANG_WARN_DEPRECATED_OBJC_IMPLEMENTATIONS = YES;
				CLANG_WARN_DIRECT_OBJC_ISA_USAGE = YES_ERROR;
				CLANG_WARN_DOCUMENTATION_COMMENTS = YES;
				CLANG_WARN_EMPTY_BODY = YES;
				CLANG_WARN_ENUM_CONVERSION = YES;
				CLANG_WARN_INFINITE_RECURSION = YES;
				CLANG_WARN_INT_CONVERSION = YES;
				CLANG_WARN_NON_LITERAL_NULL_CONVERSION = YES;
				CLANG_WARN_OBJC_IMPLICIT_RETAIN_SELF = YES;
				CLANG_WARN_OBJC_LITERAL_CONVERSION = YES;
				CLANG_WARN_OBJC_ROOT_CLASS = YES_ERROR;
				CLANG_WARN_QUOTED_INCLUDE_IN_FRAMEWORK_HEADER = YES;
				CLANG_WARN_RANGE_LOOP_ANALYSIS = YES;
				CLANG_WARN_STRICT_PROTOTYPES = YES;
				CLANG_WARN_SUSPICIOUS_MOVE = YES;
				CLANG_WARN_UNGUARDED_AVAILABILITY = YES_AGGRESSIVE;
				CLANG_WARN_UNREACHABLE_CODE = YES;
				CLANG_WARN__DUPLICATE_METHOD_MATCH = YES;
				COPY_PHASE_STRIP = NO;
				DEBUG_INFORMATION_FORMAT = "dwarf-with-dsym";
				ENABLE_NS_ASSERTIONS = NO;
				ENABLE_STRICT_OBJC_MSGSEND = YES;
				GCC_C_LANGUAGE_STANDARD = gnu11;
				GCC_NO_COMMON_BLOCKS = YES;
				GCC_WARN_64_TO_32_BIT_CONVERSION = YES;
				GCC_WARN_ABOUT_RETURN_TYPE = YES_ERROR;
				GCC_WARN_UNDECLARED_SELECTOR = YES;
				GCC_WARN_UNINITIALIZED_AUTOS = YES_AGGRESSIVE;
				GCC_WARN_UNUSED_FUNCTION = YES;
				GCC_WARN_UNUSED_VARIABLE = YES;
				IPHONEOS_DEPLOYMENT_TARGET = 16.2;
				MTL_ENABLE_DEBUG_INFO = NO;
				MTL_FAST_MATH = YES;
				SDKROOT = iphoneos;
				SWIFT_COMPILATION_MODE = wholemodule;
				SWIFT_OPTIMIZATION_LEVEL = "-O";
				VALIDATE_PRODUCT = YES;
			};
			name = Release;
		};
		FAA2D155298AF59C007E3DAD /* Debug */ = {
			isa = XCBuildConfiguration;
			baseConfigurationReference = 66B6B99DCCD9E73991721AB0 /* Pods-click_jobs_RGN.debug.xcconfig */;
			buildSettings = {
				ASSETCATALOG_COMPILER_APPICON_NAME = AppIcon;
				ASSETCATALOG_COMPILER_GLOBAL_ACCENT_COLOR_NAME = AccentColor;
				CODE_SIGN_STYLE = Automatic;
				CURRENT_PROJECT_VERSION = 1;
				DEVELOPMENT_TEAM = 47RPN39M4B;
				GENERATE_INFOPLIST_FILE = YES;
				INFOPLIST_FILE = click_jobs_RGN/Info.plist;
				INFOPLIST_KEY_UIApplicationSupportsIndirectInputEvents = YES;
				INFOPLIST_KEY_UILaunchStoryboardName = LaunchScreen;
				INFOPLIST_KEY_UIMainStoryboardFile = "";
				INFOPLIST_KEY_UISupportedInterfaceOrientations_iPad = "UIInterfaceOrientationPortrait UIInterfaceOrientationPortraitUpsideDown UIInterfaceOrientationLandscapeLeft UIInterfaceOrientationLandscapeRight";
				INFOPLIST_KEY_UISupportedInterfaceOrientations_iPhone = "UIInterfaceOrientationPortrait UIInterfaceOrientationLandscapeLeft UIInterfaceOrientationLandscapeRight";
				LD_RUNPATH_SEARCH_PATHS = (
					"$(inherited)",
					"@executable_path/Frameworks",
				);
				MARKETING_VERSION = 1.0;
				PRODUCT_BUNDLE_IDENTIFIER = rndd.uz.Clickjobs;
				PRODUCT_NAME = "$(TARGET_NAME)";
				SWIFT_EMIT_LOC_STRINGS = YES;
				SWIFT_VERSION = 5.0;
				TARGETED_DEVICE_FAMILY = "1,2";
			};
			name = Debug;
		};
		FAA2D156298AF59C007E3DAD /* Release */ = {
			isa = XCBuildConfiguration;
			baseConfigurationReference = 1D76BBB81CE14AF68380C529 /* Pods-click_jobs_RGN.release.xcconfig */;
			buildSettings = {
				ASSETCATALOG_COMPILER_APPICON_NAME = AppIcon;
				ASSETCATALOG_COMPILER_GLOBAL_ACCENT_COLOR_NAME = AccentColor;
				CODE_SIGN_STYLE = Automatic;
				CURRENT_PROJECT_VERSION = 1;
				DEVELOPMENT_TEAM = 47RPN39M4B;
				GENERATE_INFOPLIST_FILE = YES;
				INFOPLIST_FILE = click_jobs_RGN/Info.plist;
				INFOPLIST_KEY_UIApplicationSupportsIndirectInputEvents = YES;
				INFOPLIST_KEY_UILaunchStoryboardName = LaunchScreen;
				INFOPLIST_KEY_UIMainStoryboardFile = "";
				INFOPLIST_KEY_UISupportedInterfaceOrientations_iPad = "UIInterfaceOrientationPortrait UIInterfaceOrientationPortraitUpsideDown UIInterfaceOrientationLandscapeLeft UIInterfaceOrientationLandscapeRight";
				INFOPLIST_KEY_UISupportedInterfaceOrientations_iPhone = "UIInterfaceOrientationPortrait UIInterfaceOrientationLandscapeLeft UIInterfaceOrientationLandscapeRight";
				LD_RUNPATH_SEARCH_PATHS = (
					"$(inherited)",
					"@executable_path/Frameworks",
				);
				MARKETING_VERSION = 1.0;
				PRODUCT_BUNDLE_IDENTIFIER = rndd.uz.Clickjobs;
				PRODUCT_NAME = "$(TARGET_NAME)";
				SWIFT_EMIT_LOC_STRINGS = YES;
				SWIFT_VERSION = 5.0;
				TARGETED_DEVICE_FAMILY = "1,2";
			};
			name = Release;
		};
/* End XCBuildConfiguration section */

/* Begin XCConfigurationList section */
		FAA2D138298AF59A007E3DAD /* Build configuration list for PBXProject "click_jobs_RGN" */ = {
			isa = XCConfigurationList;
			buildConfigurations = (
				FAA2D152298AF59C007E3DAD /* Debug */,
				FAA2D153298AF59C007E3DAD /* Release */,
			);
			defaultConfigurationIsVisible = 0;
			defaultConfigurationName = Release;
		};
		FAA2D154298AF59C007E3DAD /* Build configuration list for PBXNativeTarget "click_jobs_RGN" */ = {
			isa = XCConfigurationList;
			buildConfigurations = (
				FAA2D155298AF59C007E3DAD /* Debug */,
				FAA2D156298AF59C007E3DAD /* Release */,
			);
			defaultConfigurationIsVisible = 0;
			defaultConfigurationName = Release;
		};
/* End XCConfigurationList section */

/* Begin XCVersionGroup section */
		FAA2D149298AF59A007E3DAD /* click_jobs_RGN.xcdatamodeld */ = {
			isa = XCVersionGroup;
			children = (
				FAA2D14A298AF59A007E3DAD /* click_jobs_RGN.xcdatamodel */,
			);
			currentVersion = FAA2D14A298AF59A007E3DAD /* click_jobs_RGN.xcdatamodel */;
			path = click_jobs_RGN.xcdatamodeld;
			sourceTree = "<group>";
			versionGroupType = wrapper.xcdatamodel;
		};
/* End XCVersionGroup section */
	};
	rootObject = FAA2D135298AF59A007E3DAD /* Project object */;
}
